
Microsoft Visual Studio Solution File, Format Version 12.00
# Visual Studio 15
VisualStudioVersion = 15.0.28307.271
MinimumVisualStudioVersion = 10.0.40219.1
Project("{FAE04EC0-301F-11D3-BF4B-00C04F79EFBC}") = "ZgłoszeniaPIWOlesno", "ZgłoszeniaPIWOlesno\ZgłoszeniaPIWOlesno.csproj", "{3C8C6D58-42F0-4F59-92F7-32063D974014}"
EndProject
Project("{FAE04EC0-301F-11D3-BF4B-00C04F79EFBC}") = "UnitTestZgloszeniaPIWOlesno", "UnitTestZgloszeniaPIWOlesno\UnitTestZgloszeniaPIWOlesno.csproj", "{64549F91-4F8A-4832-A4D6-FA5C68CFCA0B}"
EndProject
Global
	GlobalSection(SolutionConfigurationPlatforms) = preSolution
		Debug|Any CPU = Debug|Any CPU
		Release|Any CPU = Release|Any CPU
	EndGlobalSection
	GlobalSection(ProjectConfigurationPlatforms) = postSolution
		{3C8C6D58-42F0-4F59-92F7-32063D974014}.Debug|Any CPU.ActiveCfg = Debug|Any CPU
		{3C8C6D58-42F0-4F59-92F7-32063D974014}.Debug|Any CPU.Build.0 = Debug|Any CPU
		{3C8C6D58-42F0-4F59-92F7-32063D974014}.Release|Any CPU.ActiveCfg = Release|Any CPU
		{3C8C6D58-42F0-4F59-92F7-32063D974014}.Release|Any CPU.Build.0 = Release|Any CPU
		{64549F91-4F8A-4832-A4D6-FA5C68CFCA0B}.Debug|Any CPU.ActiveCfg = Debug|Any CPU
		{64549F91-4F8A-4832-A4D6-FA5C68CFCA0B}.Debug|Any CPU.Build.0 = Debug|Any CPU
		{64549F91-4F8A-4832-A4D6-FA5C68CFCA0B}.Release|Any CPU.ActiveCfg = Release|Any CPU
		{64549F91-4F8A-4832-A4D6-FA5C68CFCA0B}.Release|Any CPU.Build.0 = Release|Any CPU
	EndGlobalSection
	GlobalSection(SolutionProperties) = preSolution
		HideSolutionNode = FALSE
	EndGlobalSection
	GlobalSection(ExtensibilityGlobals) = postSolution
		SolutionGuid = {AFE48A71-8643-4BB9-9A87-5DFF185893B7}
	EndGlobalSection
EndGlobal
